
Microsoft Visual Studio Solution File, Format Version 12.00
# Visual Studio Version 17
VisualStudioVersion = 17.8.34408.163
MinimumVisualStudioVersion = 10.0.40219.1
Project("{9A19103F-16F7-4668-BE54-9A1E7A4F7556}") = "Minerva.SimpleHttpClient", "Minerva.SimpleHttpClient\Minerva.SimpleHttpClient.csproj", "{5967AF93-8CA6-43B8-BA89-19F32D8E20FC}"
EndProject
Project("{FAE04EC0-301F-11D3-BF4B-00C04F79EFBC}") = "Minerva.SimpleHttpClient.Framework", "Minerva.SimpleHttpClient.Framework\Minerva.SimpleHttpClient.Framework.csproj", "{85DA58F1-6211-42C4-AC78-B28D56C3D868}"
EndProject
Project("{2150E333-8FDC-42A3-9474-1A3956D46DE8}") = "Solution Items", "Solution Items", "{B897F501-03BF-4512-B2AC-5B92F3995660}"
	ProjectSection(SolutionItems) = preProject
		LICENSE.md = LICENSE.md
		README.md = README.md
	EndProjectSection
EndProject
Project("{FAE04EC0-301F-11D3-BF4B-00C04F79EFBC}") = "Minerva.SIimpleHttpClient.Demonstration", "Minerva.SIimpleHttpClient.Demonstration\Minerva.SIimpleHttpClient.Demonstration.csproj", "{A45F8BFD-968A-499A-9D02-B2E4D71795D4}"
EndProject
Global
	GlobalSection(SolutionConfigurationPlatforms) = preSolution
		Debug|Any CPU = Debug|Any CPU
		Release|Any CPU = Release|Any CPU
	EndGlobalSection
	GlobalSection(ProjectConfigurationPlatforms) = postSolution
		{5967AF93-8CA6-43B8-BA89-19F32D8E20FC}.Debug|Any CPU.ActiveCfg = Debug|Any CPU
		{5967AF93-8CA6-43B8-BA89-19F32D8E20FC}.Debug|Any CPU.Build.0 = Debug|Any CPU
		{5967AF93-8CA6-43B8-BA89-19F32D8E20FC}.Release|Any CPU.ActiveCfg = Release|Any CPU
		{5967AF93-8CA6-43B8-BA89-19F32D8E20FC}.Release|Any CPU.Build.0 = Release|Any CPU
		{85DA58F1-6211-42C4-AC78-B28D56C3D868}.Debug|Any CPU.ActiveCfg = Debug|Any CPU
		{85DA58F1-6211-42C4-AC78-B28D56C3D868}.Debug|Any CPU.Build.0 = Debug|Any CPU
		{85DA58F1-6211-42C4-AC78-B28D56C3D868}.Release|Any CPU.ActiveCfg = Release|Any CPU
		{85DA58F1-6211-42C4-AC78-B28D56C3D868}.Release|Any CPU.Build.0 = Release|Any CPU
		{A45F8BFD-968A-499A-9D02-B2E4D71795D4}.Debug|Any CPU.ActiveCfg = Debug|Any CPU
		{A45F8BFD-968A-499A-9D02-B2E4D71795D4}.Debug|Any CPU.Build.0 = Debug|Any CPU
		{A45F8BFD-968A-499A-9D02-B2E4D71795D4}.Release|Any CPU.ActiveCfg = Release|Any CPU
		{A45F8BFD-968A-499A-9D02-B2E4D71795D4}.Release|Any CPU.Build.0 = Release|Any CPU
	EndGlobalSection
	GlobalSection(SolutionProperties) = preSolution
		HideSolutionNode = FALSE
	EndGlobalSection
	GlobalSection(ExtensibilityGlobals) = postSolution
		SolutionGuid = {9E539D88-5A28-42D3-AF7B-86FC6DDF39CC}
	EndGlobalSection
EndGlobal
